
Microsoft Visual Studio Solution File, Format Version 12.00
# Visual Studio Version 17
VisualStudioVersion = 17.0.32014.148
MinimumVisualStudioVersion = 10.0.40219.1
Project("{FAE04EC0-301F-11D3-BF4B-00C04F79EFBC}") = "CRUD(MVC)", "CRUD(MVC)\CRUD(MVC).csproj", "{39AB5C5A-C619-408A-9FED-D71823799510}"
EndProject
Global
	GlobalSection(SolutionConfigurationPlatforms) = preSolution
		Debug|Any CPU = Debug|Any CPU
		Release|Any CPU = Release|Any CPU
	EndGlobalSection
	GlobalSection(ProjectConfigurationPlatforms) = postSolution
		{39AB5C5A-C619-408A-9FED-D71823799510}.Debug|Any CPU.ActiveCfg = Debug|Any CPU
		{39AB5C5A-C619-408A-9FED-D71823799510}.Debug|Any CPU.Build.0 = Debug|Any CPU
		{39AB5C5A-C619-408A-9FED-D71823799510}.Release|Any CPU.ActiveCfg = Release|Any CPU
		{39AB5C5A-C619-408A-9FED-D71823799510}.Release|Any CPU.Build.0 = Release|Any CPU
	EndGlobalSection
	GlobalSection(SolutionProperties) = preSolution
		HideSolutionNode = FALSE
	EndGlobalSection
	GlobalSection(ExtensibilityGlobals) = postSolution
		SolutionGuid = {848A9549-D166-4CCD-9417-1669C9221AAF}
	EndGlobalSection
EndGlobal
